github.com/antigloss/go v0.0.0-20201201072909-f29271b13566 h1:gep264DJFu1aSVGZmBXEavy3EZTeA7OuDmVaicFPsQQ=
github.com/antigloss/go v0.0.0-20201201072909-f29271b13566/go.mod h1:UZS1xsciSvBSC16bV7x0obAXHBpEIouHVNsikdsLyGo=
github.com/lestrrat/go-strftime v0.0.0-20180220042222-ba3bf9c1d042 h1:Bvq8AziQ5jFF4BHGAEDSqwPW1NJS3XshxbRCxtjFAZc=
github.com/lestrrat/go-strftime v0.0.0-20180220042222-ba3bf9c1d042/go.mod h1:TPpsiPUEh0zFL1Snz4crhMlBe60PYxRHr5oFF3rRYg0=
github.com/pkg/errors v0.9.1 h1:FEBLx1zS214owpjy7qsBeixbURkuhQAwrK5UwLGTwt4=
github.com/pkg/errors v0.9.1/go.mod h1:bwawxfHBFNV+L2hUp1rHADufV3IMtnDRdf1r5NINEl0=
